
Microsoft Visual Studio Solution File, Format Version 12.00
# Visual Studio Version 17
VisualStudioVersion = 17.9.34616.47
MinimumVisualStudioVersion = 10.0.40219.1
Project("{9A19103F-16F7-4668-BE54-9A1E7A4F7556}") = "Bank", "Bank\Bank.csproj", "{EEC45E3E-F1AF-4F61-B832-BDADDDE837C1}"
EndProject
Project("{FAE04EC0-301F-11D3-BF4B-00C04F79EFBC}") = "BankTests", "BankTests\BankTests.csproj", "{BFF3B3D7-C858-44FB-ABE2-A4358616DFC2}"
EndProject
Global
	GlobalSection(SolutionConfigurationPlatforms) = preSolution
		Debug|Any CPU = Debug|Any CPU
		Release|Any CPU = Release|Any CPU
	EndGlobalSection
	GlobalSection(ProjectConfigurationPlatforms) = postSolution
		{EEC45E3E-F1AF-4F61-B832-BDADDDE837C1}.Debug|Any CPU.ActiveCfg = Debug|Any CPU
		{EEC45E3E-F1AF-4F61-B832-BDADDDE837C1}.Debug|Any CPU.Build.0 = Debug|Any CPU
		{EEC45E3E-F1AF-4F61-B832-BDADDDE837C1}.Release|Any CPU.ActiveCfg = Release|Any CPU
		{EEC45E3E-F1AF-4F61-B832-BDADDDE837C1}.Release|Any CPU.Build.0 = Release|Any CPU
		{BFF3B3D7-C858-44FB-ABE2-A4358616DFC2}.Debug|Any CPU.ActiveCfg = Debug|Any CPU
		{BFF3B3D7-C858-44FB-ABE2-A4358616DFC2}.Debug|Any CPU.Build.0 = Debug|Any CPU
		{BFF3B3D7-C858-44FB-ABE2-A4358616DFC2}.Release|Any CPU.ActiveCfg = Release|Any CPU
		{BFF3B3D7-C858-44FB-ABE2-A4358616DFC2}.Release|Any CPU.Build.0 = Release|Any CPU
	EndGlobalSection
	GlobalSection(SolutionProperties) = preSolution
		HideSolutionNode = FALSE
	EndGlobalSection
	GlobalSection(ExtensibilityGlobals) = postSolution
		SolutionGuid = {BD710408-308C-48DA-9090-9031F2620584}
	EndGlobalSection
EndGlobal
